
Microsoft Visual Studio Solution File, Format Version 12.00
# Visual Studio Version 16
VisualStudioVersion = 16.0.30621.155
MinimumVisualStudioVersion = 10.0.40219.1
Project("{FAE04EC0-301F-11D3-BF4B-00C04F79EFBC}") = "SudokuSolver", "SudokuSolver\SudokuSolver.csproj", "{64614BE4-39CD-4DF5-92E6-AE6560C9A683}"
EndProject
Global
	GlobalSection(SolutionConfigurationPlatforms) = preSolution
		Debug|Any CPU = Debug|Any CPU
		Release|Any CPU = Release|Any CPU
	EndGlobalSection
	GlobalSection(ProjectConfigurationPlatforms) = postSolution
		{64614BE4-39CD-4DF5-92E6-AE6560C9A683}.Debug|Any CPU.ActiveCfg = Debug|Any CPU
		{64614BE4-39CD-4DF5-92E6-AE6560C9A683}.Debug|Any CPU.Build.0 = Debug|Any CPU
		{64614BE4-39CD-4DF5-92E6-AE6560C9A683}.Release|Any CPU.ActiveCfg = Release|Any CPU
		{64614BE4-39CD-4DF5-92E6-AE6560C9A683}.Release|Any CPU.Build.0 = Release|Any CPU
	EndGlobalSection
	GlobalSection(SolutionProperties) = preSolution
		HideSolutionNode = FALSE
	EndGlobalSection
	GlobalSection(ExtensibilityGlobals) = postSolution
		SolutionGuid = {01A3D483-5798-45EB-A9B6-B0B257CB59F3}
	EndGlobalSection
EndGlobal
